
Microsoft Visual Studio Solution File, Format Version 12.00
# Visual Studio Version 17
VisualStudioVersion = 17.7.34221.43
MinimumVisualStudioVersion = 10.0.40219.1
Project("{FAE04EC0-301F-11D3-BF4B-00C04F79EFBC}") = "Backend.Web", "Backend.Web\Backend.Web.csproj", "{F90F921D-2AE7-4662-9E3F-5F063FF0971A}"
EndProject
Project("{FAE04EC0-301F-11D3-BF4B-00C04F79EFBC}") = "Backend.Business", "Backend.Business\Backend.Business.csproj", "{915D6A70-96E6-4C63-AB33-303E695BA50E}"
EndProject
Project("{FAE04EC0-301F-11D3-BF4B-00C04F79EFBC}") = "Backend.Data", "Backend.Data\Backend.Data.csproj", "{A6BE6980-2557-4566-8EB2-515A8A428AC0}"
EndProject
Project("{FAE04EC0-301F-11D3-BF4B-00C04F79EFBC}") = "Backend.Common", "Backend.Common\Backend.Common.csproj", "{D951F349-717B-49E0-9DCA-96A7DBFC01A2}"
EndProject
Global
	GlobalSection(SolutionConfigurationPlatforms) = preSolution
		Debug|Any CPU = Debug|Any CPU
		Release|Any CPU = Release|Any CPU
	EndGlobalSection
	GlobalSection(ProjectConfigurationPlatforms) = postSolution
		{F90F921D-2AE7-4662-9E3F-5F063FF0971A}.Debug|Any CPU.ActiveCfg = Debug|Any CPU
		{F90F921D-2AE7-4662-9E3F-5F063FF0971A}.Debug|Any CPU.Build.0 = Debug|Any CPU
		{F90F921D-2AE7-4662-9E3F-5F063FF0971A}.Release|Any CPU.ActiveCfg = Release|Any CPU
		{F90F921D-2AE7-4662-9E3F-5F063FF0971A}.Release|Any CPU.Build.0 = Release|Any CPU
		{915D6A70-96E6-4C63-AB33-303E695BA50E}.Debug|Any CPU.ActiveCfg = Debug|Any CPU
		{915D6A70-96E6-4C63-AB33-303E695BA50E}.Debug|Any CPU.Build.0 = Debug|Any CPU
		{915D6A70-96E6-4C63-AB33-303E695BA50E}.Release|Any CPU.ActiveCfg = Release|Any CPU
		{915D6A70-96E6-4C63-AB33-303E695BA50E}.Release|Any CPU.Build.0 = Release|Any CPU
		{A6BE6980-2557-4566-8EB2-515A8A428AC0}.Debug|Any CPU.ActiveCfg = Debug|Any CPU
		{A6BE6980-2557-4566-8EB2-515A8A428AC0}.Debug|Any CPU.Build.0 = Debug|Any CPU
		{A6BE6980-2557-4566-8EB2-515A8A428AC0}.Release|Any CPU.ActiveCfg = Release|Any CPU
		{A6BE6980-2557-4566-8EB2-515A8A428AC0}.Release|Any CPU.Build.0 = Release|Any CPU
		{D951F349-717B-49E0-9DCA-96A7DBFC01A2}.Debug|Any CPU.ActiveCfg = Debug|Any CPU
		{D951F349-717B-49E0-9DCA-96A7DBFC01A2}.Debug|Any CPU.Build.0 = Debug|Any CPU
		{D951F349-717B-49E0-9DCA-96A7DBFC01A2}.Release|Any CPU.ActiveCfg = Release|Any CPU
		{D951F349-717B-49E0-9DCA-96A7DBFC01A2}.Release|Any CPU.Build.0 = Release|Any CPU
	EndGlobalSection
	GlobalSection(SolutionProperties) = preSolution
		HideSolutionNode = FALSE
	EndGlobalSection
	GlobalSection(ExtensibilityGlobals) = postSolution
		SolutionGuid = {F37A6C7B-4E1F-4C15-A3D0-F42DF111EFD9}
	EndGlobalSection
EndGlobal
