
Microsoft Visual Studio Solution File, Format Version 12.00
# Visual Studio Version 16
VisualStudioVersion = 25.0.1706.6
MinimumVisualStudioVersion = 10.0.40219.1
Project("{FAE04EC0-301F-11D3-BF4B-00C04F79EFBC}") = "CPEN491.Backend.API", "CPEN491.Backend.API\CPEN491.Backend.API.csproj", "{8F9FFC4B-21E8-4F50-AB5C-E41D1B3C83E4}"
EndProject
Project("{FAE04EC0-301F-11D3-BF4B-00C04F79EFBC}") = "CPEN491.Backend.Service", "CPEN491.Backend.Service\CPEN491.Backend.Service.csproj", "{DE090E56-334B-4877-AD51-74A9F5DE40EA}"
EndProject
Project("{FAE04EC0-301F-11D3-BF4B-00C04F79EFBC}") = "CPEN491.Backend.Data", "CPEN491.Backend.Data\CPEN491.Backend.Data.csproj", "{A9C31775-72BF-4A55-8CF7-71C454E2F681}"
EndProject
Global
	GlobalSection(SolutionConfigurationPlatforms) = preSolution
		Debug|Any CPU = Debug|Any CPU
		Release|Any CPU = Release|Any CPU
	EndGlobalSection
	GlobalSection(ProjectConfigurationPlatforms) = postSolution
		{8F9FFC4B-21E8-4F50-AB5C-E41D1B3C83E4}.Debug|Any CPU.ActiveCfg = Debug|Any CPU
		{8F9FFC4B-21E8-4F50-AB5C-E41D1B3C83E4}.Debug|Any CPU.Build.0 = Debug|Any CPU
		{8F9FFC4B-21E8-4F50-AB5C-E41D1B3C83E4}.Release|Any CPU.ActiveCfg = Release|Any CPU
		{8F9FFC4B-21E8-4F50-AB5C-E41D1B3C83E4}.Release|Any CPU.Build.0 = Release|Any CPU
		{DE090E56-334B-4877-AD51-74A9F5DE40EA}.Debug|Any CPU.ActiveCfg = Debug|Any CPU
		{DE090E56-334B-4877-AD51-74A9F5DE40EA}.Debug|Any CPU.Build.0 = Debug|Any CPU
		{DE090E56-334B-4877-AD51-74A9F5DE40EA}.Release|Any CPU.ActiveCfg = Release|Any CPU
		{DE090E56-334B-4877-AD51-74A9F5DE40EA}.Release|Any CPU.Build.0 = Release|Any CPU
		{A9C31775-72BF-4A55-8CF7-71C454E2F681}.Debug|Any CPU.ActiveCfg = Debug|Any CPU
		{A9C31775-72BF-4A55-8CF7-71C454E2F681}.Debug|Any CPU.Build.0 = Debug|Any CPU
		{A9C31775-72BF-4A55-8CF7-71C454E2F681}.Release|Any CPU.ActiveCfg = Release|Any CPU
		{A9C31775-72BF-4A55-8CF7-71C454E2F681}.Release|Any CPU.Build.0 = Release|Any CPU
	EndGlobalSection
	GlobalSection(SolutionProperties) = preSolution
		HideSolutionNode = FALSE
	EndGlobalSection
	GlobalSection(ExtensibilityGlobals) = postSolution
		SolutionGuid = {74216A37-5BD7-4834-A9FD-3D0780AC3EAF}
	EndGlobalSection
EndGlobal
